// !$*UTF8*$!
{
	archiveVersion = 1;
	classes = {
	};
	objectVersion = 55;
	objects = {

/* Begin PBXBuildFile section */
		A433D200293C80F90097BFEE /* AppDelegate.swift in Sources */ = {isa = PBXBuildFile; fileRef = A433D1FF293C80F90097BFEE /* AppDelegate.swift */; };
		A433D202293C80F90097BFEE /* SceneDelegate.swift in Sources */ = {isa = PBXBuildFile; fileRef = A433D201293C80F90097BFEE /* SceneDelegate.swift */; };
		A433D209293C80FB0097BFEE /* Assets.xcassets in Resources */ = {isa = PBXBuildFile; fileRef = A433D208293C80FB0097BFEE /* Assets.xcassets */; };
		A433D20C293C80FB0097BFEE /* LaunchScreen.storyboard in Resources */ = {isa = PBXBuildFile; fileRef = A433D20A293C80FB0097BFEE /* LaunchScreen.storyboard */; };
		A433D216293C81E90097BFEE /* TabBarController.swift in Sources */ = {isa = PBXBuildFile; fileRef = A433D215293C81E90097BFEE /* TabBarController.swift */; };
		A433D21D293C824A0097BFEE /* ProfileViewController.swift in Sources */ = {isa = PBXBuildFile; fileRef = A433D21C293C824A0097BFEE /* ProfileViewController.swift */; };
		A433D21F293C825F0097BFEE /* FeedViewController.swift in Sources */ = {isa = PBXBuildFile; fileRef = A433D21E293C825F0097BFEE /* FeedViewController.swift */; };
		A433D222293D08EE0097BFEE /* PostViewController.swift in Sources */ = {isa = PBXBuildFile; fileRef = A433D221293D08EE0097BFEE /* PostViewController.swift */; };
		A449335A2949D07100CC94CA /* TextFieldWithPadding.swift in Sources */ = {isa = PBXBuildFile; fileRef = A44933592949D07100CC94CA /* TextFieldWithPadding.swift */; };
		A449335C2949D75500CC94CA /* LogInViewController.swift in Sources */ = {isa = PBXBuildFile; fileRef = A449335B2949D75500CC94CA /* LogInViewController.swift */; };
		A48E6653293D398C00411C97 /* Post and StatusText.swift in Sources */ = {isa = PBXBuildFile; fileRef = A48E6652293D398C00411C97 /* Post and StatusText.swift */; };
		A48E6655293D474F00411C97 /* InfoViewController.swift in Sources */ = {isa = PBXBuildFile; fileRef = A48E6654293D474F00411C97 /* InfoViewController.swift */; };
		A48E66572941EA3600411C97 /* ProfileHeaderView.swift in Sources */ = {isa = PBXBuildFile; fileRef = A48E66562941EA3600411C97 /* ProfileHeaderView.swift */; };
		A4C63AD02950A72C0049135F /* PostTableViewCell.swift in Sources */ = {isa = PBXBuildFile; fileRef = A4C63ACF2950A72C0049135F /* PostTableViewCell.swift */; };
		A4C63AD22950B5F70049135F /* PostView.swift in Sources */ = {isa = PBXBuildFile; fileRef = A4C63AD12950B5F70049135F /* PostView.swift */; };
		A4C63B102952D7920049135F /* PhotosTableViewCell.swift in Sources */ = {isa = PBXBuildFile; fileRef = A4C63B0F2952D7920049135F /* PhotosTableViewCell.swift */; };
/* End PBXBuildFile section */

/* Begin PBXFileReference section */
		A433D1FC293C80F90097BFEE /* Navigation.app */ = {isa = PBXFileReference; explicitFileType = wrapper.application; includeInIndex = 0; path = Navigation.app; sourceTree = BUILT_PRODUCTS_DIR; };
		A433D1FF293C80F90097BFEE /* AppDelegate.swift */ = {isa = PBXFileReference; lastKnownFileType = sourcecode.swift; path = AppDelegate.swift; sourceTree = "<group>"; };
		A433D201293C80F90097BFEE /* SceneDelegate.swift */ = {isa = PBXFileReference; lastKnownFileType = sourcecode.swift; path = SceneDelegate.swift; sourceTree = "<group>"; };
		A433D208293C80FB0097BFEE /* Assets.xcassets */ = {isa = PBXFileReference; lastKnownFileType = folder.assetcatalog; path = Assets.xcassets; sourceTree = "<group>"; };
		A433D20B293C80FB0097BFEE /* Base */ = {isa = PBXFileReference; lastKnownFileType = file.storyboard; name = Base; path = Base.lproj/LaunchScreen.storyboard; sourceTree = "<group>"; };
		A433D20D293C80FB0097BFEE /* Info.plist */ = {isa = PBXFileReference; lastKnownFileType = text.plist.xml; path = Info.plist; sourceTree = "<group>"; };
		A433D215293C81E90097BFEE /* TabBarController.swift */ = {isa = PBXFileReference; lastKnownFileType = sourcecode.swift; path = TabBarController.swift; sourceTree = "<group>"; };
		A433D21C293C824A0097BFEE /* ProfileViewController.swift */ = {isa = PBXFileReference; lastKnownFileType = sourcecode.swift; path = ProfileViewController.swift; sourceTree = "<group>"; };
		A433D21E293C825F0097BFEE /* FeedViewController.swift */ = {isa = PBXFileReference; lastKnownFileType = sourcecode.swift; path = FeedViewController.swift; sourceTree = "<group>"; };
		A433D221293D08EE0097BFEE /* PostViewController.swift */ = {isa = PBXFileReference; lastKnownFileType = sourcecode.swift; path = PostViewController.swift; sourceTree = "<group>"; };
		A44933592949D07100CC94CA /* TextFieldWithPadding.swift */ = {isa = PBXFileReference; lastKnownFileType = sourcecode.swift; path = TextFieldWithPadding.swift; sourceTree = "<group>"; };
		A449335B2949D75500CC94CA /* LogInViewController.swift */ = {isa = PBXFileReference; lastKnownFileType = sourcecode.swift; path = LogInViewController.swift; sourceTree = "<group>"; };
		A48E6652293D398C00411C97 /* Post and StatusText.swift */ = {isa = PBXFileReference; lastKnownFileType = sourcecode.swift; path = "Post and StatusText.swift"; sourceTree = "<group>"; };
		A48E6654293D474F00411C97 /* InfoViewController.swift */ = {isa = PBXFileReference; lastKnownFileType = sourcecode.swift; path = InfoViewController.swift; sourceTree = "<group>"; };
		A48E66562941EA3600411C97 /* ProfileHeaderView.swift */ = {isa = PBXFileReference; lastKnownFileType = sourcecode.swift; path = ProfileHeaderView.swift; sourceTree = "<group>"; };
		A4C63ACF2950A72C0049135F /* PostTableViewCell.swift */ = {isa = PBXFileReference; lastKnownFileType = sourcecode.swift; path = PostTableViewCell.swift; sourceTree = "<group>"; };
		A4C63AD12950B5F70049135F /* PostView.swift */ = {isa = PBXFileReference; lastKnownFileType = sourcecode.swift; path = PostView.swift; sourceTree = "<group>"; };
		A4C63B0F2952D7920049135F /* PhotosTableViewCell.swift */ = {isa = PBXFileReference; lastKnownFileType = sourcecode.swift; path = PhotosTableViewCell.swift; sourceTree = "<group>"; };
/* End PBXFileReference section */

/* Begin PBXFrameworksBuildPhase section */
		A433D1F9293C80F90097BFEE /* Frameworks */ = {
			isa = PBXFrameworksBuildPhase;
			buildActionMask = 2147483647;
			files = (
			);
			runOnlyForDeploymentPostprocessing = 0;
		};
/* End PBXFrameworksBuildPhase section */

/* Begin PBXGroup section */
		A433D1F3293C80F90097BFEE = {
			isa = PBXGroup;
			children = (
				A433D1FE293C80F90097BFEE /* Navigation */,
				A433D1FD293C80F90097BFEE /* Products */,
			);
			sourceTree = "<group>";
		};
		A433D1FD293C80F90097BFEE /* Products */ = {
			isa = PBXGroup;
			children = (
				A433D1FC293C80F90097BFEE /* Navigation.app */,
			);
			name = Products;
			sourceTree = "<group>";
		};
		A433D1FE293C80F90097BFEE /* Navigation */ = {
			isa = PBXGroup;
			children = (
				A48E6651293D397500411C97 /* Data */,
				A433D213293C81A90097BFEE /* Application */,
				A433D214293C81BB0097BFEE /* TabBarController */,
				A433D21A293C82250097BFEE /* FeedVC */,
				A433D21B293C82360097BFEE /* ProfileVC */,
				A433D208293C80FB0097BFEE /* Assets.xcassets */,
				A433D20A293C80FB0097BFEE /* LaunchScreen.storyboard */,
				A433D20D293C80FB0097BFEE /* Info.plist */,
			);
			path = Navigation;
			sourceTree = "<group>";
		};
		A433D213293C81A90097BFEE /* Application */ = {
			isa = PBXGroup;
			children = (
				A433D1FF293C80F90097BFEE /* AppDelegate.swift */,
				A433D201293C80F90097BFEE /* SceneDelegate.swift */,
			);
			path = Application;
			sourceTree = "<group>";
		};
		A433D214293C81BB0097BFEE /* TabBarController */ = {
			isa = PBXGroup;
			children = (
				A433D215293C81E90097BFEE /* TabBarController.swift */,
			);
			path = TabBarController;
			sourceTree = "<group>";
		};
		A433D21A293C82250097BFEE /* FeedVC */ = {
			isa = PBXGroup;
			children = (
				A433D21E293C825F0097BFEE /* FeedViewController.swift */,
				A433D221293D08EE0097BFEE /* PostViewController.swift */,
				A48E6654293D474F00411C97 /* InfoViewController.swift */,
			);
			path = FeedVC;
			sourceTree = "<group>";
		};
		A433D21B293C82360097BFEE /* ProfileVC */ = {
			isa = PBXGroup;
			children = (
				A449335B2949D75500CC94CA /* LogInViewController.swift */,
				A433D21C293C824A0097BFEE /* ProfileViewController.swift */,
				A48E66562941EA3600411C97 /* ProfileHeaderView.swift */,
				A4C63ACF2950A72C0049135F /* PostTableViewCell.swift */,
				A4C63B0F2952D7920049135F /* PhotosTableViewCell.swift */,
			);
			path = ProfileVC;
			sourceTree = "<group>";
		};
		A48E6651293D397500411C97 /* Data */ = {
			isa = PBXGroup;
			children = (
				A48E6652293D398C00411C97 /* Post and StatusText.swift */,
				A44933592949D07100CC94CA /* TextFieldWithPadding.swift */,
				A4C63AD12950B5F70049135F /* PostView.swift */,
			);
			path = Data;
			sourceTree = "<group>";
		};
/* End PBXGroup section */

/* Begin PBXNativeTarget section */
		A433D1FB293C80F90097BFEE /* Navigation */ = {
			isa = PBXNativeTarget;
			buildConfigurationList = A433D210293C80FB0097BFEE /* Build configuration list for PBXNativeTarget "Navigation" */;
			buildPhases = (
				A433D1F8293C80F90097BFEE /* Sources */,
				A433D1F9293C80F90097BFEE /* Frameworks */,
				A433D1FA293C80F90097BFEE /* Resources */,
			);
			buildRules = (
			);
			dependencies = (
			);
			name = Navigation;
			productName = Navigation;
			productReference = A433D1FC293C80F90097BFEE /* Navigation.app */;
			productType = "com.apple.product-type.application";
		};
/* End PBXNativeTarget section */

/* Begin PBXProject section */
		A433D1F4293C80F90097BFEE /* Project object */ = {
			isa = PBXProject;
			attributes = {
				BuildIndependentTargetsInParallel = 1;
				LastSwiftUpdateCheck = 1340;
				LastUpgradeCheck = 1340;
				TargetAttributes = {
					A433D1FB293C80F90097BFEE = {
						CreatedOnToolsVersion = 13.4.1;
					};
				};
			};
			buildConfigurationList = A433D1F7293C80F90097BFEE /* Build configuration list for PBXProject "Navigation" */;
			compatibilityVersion = "Xcode 13.0";
			developmentRegion = en;
			hasScannedForEncodings = 0;
			knownRegions = (
				en,
				Base,
			);
			mainGroup = A433D1F3293C80F90097BFEE;
			productRefGroup = A433D1FD293C80F90097BFEE /* Products */;
			projectDirPath = "";
			projectRoot = "";
			targets = (
				A433D1FB293C80F90097BFEE /* Navigation */,
			);
		};
/* End PBXProject section */

/* Begin PBXResourcesBuildPhase section */
		A433D1FA293C80F90097BFEE /* Resources */ = {
			isa = PBXResourcesBuildPhase;
			buildActionMask = 2147483647;
			files = (
				A433D20C293C80FB0097BFEE /* LaunchScreen.storyboard in Resources */,
				A433D209293C80FB0097BFEE /* Assets.xcassets in Resources */,
			);
			runOnlyForDeploymentPostprocessing = 0;
		};
/* End PBXResourcesBuildPhase section */

/* Begin PBXSourcesBuildPhase section */
		A433D1F8293C80F90097BFEE /* Sources */ = {
			isa = PBXSourcesBuildPhase;
			buildActionMask = 2147483647;
			files = (
				A433D216293C81E90097BFEE /* TabBarController.swift in Sources */,
				A433D222293D08EE0097BFEE /* PostViewController.swift in Sources */,
				A449335C2949D75500CC94CA /* LogInViewController.swift in Sources */,
				A48E6653293D398C00411C97 /* Post and StatusText.swift in Sources */,
				A433D200293C80F90097BFEE /* AppDelegate.swift in Sources */,
				A48E66572941EA3600411C97 /* ProfileHeaderView.swift in Sources */,
				A433D21D293C824A0097BFEE /* ProfileViewController.swift in Sources */,
				A433D21F293C825F0097BFEE /* FeedViewController.swift in Sources */,
				A4C63B102952D7920049135F /* PhotosTableViewCell.swift in Sources */,
				A449335A2949D07100CC94CA /* TextFieldWithPadding.swift in Sources */,
				A48E6655293D474F00411C97 /* InfoViewController.swift in Sources */,
				A433D202293C80F90097BFEE /* SceneDelegate.swift in Sources */,
				A4C63AD22950B5F70049135F /* PostView.swift in Sources */,
				A4C63AD02950A72C0049135F /* PostTableViewCell.swift in Sources */,
			);
			runOnlyForDeploymentPostprocessing = 0;
		};
/* End PBXSourcesBuildPhase section */

/* Begin PBXVariantGroup section */
		A433D20A293C80FB0097BFEE /* LaunchScreen.storyboard */ = {
			isa = PBXVariantGroup;
			children = (
				A433D20B293C80FB0097BFEE /* Base */,
			);
			name = LaunchScreen.storyboard;
			sourceTree = "<group>";
		};
/* End PBXVariantGroup section */

/* Begin XCBuildConfiguration section */
		A433D20E293C80FB0097BFEE /* Debug */ = {
			isa = XCBuildConfiguration;
			buildSettings = {
				ALWAYS_SEARCH_USER_PATHS = NO;
				CLANG_ANALYZER_NONNULL = YES;
				CLANG_ANALYZER_NUMBER_OBJECT_CONVERSION = YES_AGGRESSIVE;
				CLANG_CXX_LANGUAGE_STANDARD = "gnu++17";
				CLANG_ENABLE_MODULES = YES;
				CLANG_ENABLE_OBJC_ARC = YES;
				CLANG_ENABLE_OBJC_WEAK = YES;
				CLANG_WARN_BLOCK_CAPTURE_AUTORELEASING = YES;
				CLANG_WARN_BOOL_CONVERSION = YES;
				CLANG_WARN_COMMA = YES;
				CLANG_WARN_CONSTANT_CONVERSION = YES;
				CLANG_WARN_DEPRECATED_OBJC_IMPLEMENTATIONS = YES;
				CLANG_WARN_DIRECT_OBJC_ISA_USAGE = YES_ERROR;
				CLANG_WARN_DOCUMENTATION_COMMENTS = YES;
				CLANG_WARN_EMPTY_BODY = YES;
				CLANG_WARN_ENUM_CONVERSION = YES;
				CLANG_WARN_INFINITE_RECURSION = YES;
				CLANG_WARN_INT_CONVERSION = YES;
				CLANG_WARN_NON_LITERAL_NULL_CONVERSION = YES;
				CLANG_WARN_OBJC_IMPLICIT_RETAIN_SELF = YES;
				CLANG_WARN_OBJC_LITERAL_CONVERSION = YES;
				CLANG_WARN_OBJC_ROOT_CLASS = YES_ERROR;
				CLANG_WARN_QUOTED_INCLUDE_IN_FRAMEWORK_HEADER = YES;
				CLANG_WARN_RANGE_LOOP_ANALYSIS = YES;
				CLANG_WARN_STRICT_PROTOTYPES = YES;
				CLANG_WARN_SUSPICIOUS_MOVE = YES;
				CLANG_WARN_UNGUARDED_AVAILABILITY = YES_AGGRESSIVE;
				CLANG_WARN_UNREACHABLE_CODE = YES;
				CLANG_WARN__DUPLICATE_METHOD_MATCH = YES;
				COPY_PHASE_STRIP = NO;
				DEBUG_INFORMATION_FORMAT = dwarf;
				ENABLE_STRICT_OBJC_MSGSEND = YES;
				ENABLE_TESTABILITY = YES;
				GCC_C_LANGUAGE_STANDARD = gnu11;
				GCC_DYNAMIC_NO_PIC = NO;
				GCC_NO_COMMON_BLOCKS = YES;
				GCC_OPTIMIZATION_LEVEL = 0;
				GCC_PREPROCESSOR_DEFINITIONS = (
					"DEBUG=1",
					"$(inherited)",
				);
				GCC_WARN_64_TO_32_BIT_CONVERSION = YES;
				GCC_WARN_ABOUT_RETURN_TYPE = YES_ERROR;
				GCC_WARN_UNDECLARED_SELECTOR = YES;
				GCC_WARN_UNINITIALIZED_AUTOS = YES_AGGRESSIVE;
				GCC_WARN_UNUSED_FUNCTION = YES;
				GCC_WARN_UNUSED_VARIABLE = YES;
				IPHONEOS_DEPLOYMENT_TARGET = 15.5;
				MTL_ENABLE_DEBUG_INFO = INCLUDE_SOURCE;
				MTL_FAST_MATH = YES;
				ONLY_ACTIVE_ARCH = YES;
				SDKROOT = iphoneos;
				SWIFT_ACTIVE_COMPILATION_CONDITIONS = DEBUG;
				SWIFT_OPTIMIZATION_LEVEL = "-Onone";
			};
			name = Debug;
		};
		A433D20F293C80FB0097BFEE /* Release */ = {
			isa = XCBuildConfiguration;
			buildSettings = {
				ALWAYS_SEARCH_USER_PATHS = NO;
				CLANG_ANALYZER_NONNULL = YES;
				CLANG_ANALYZER_NUMBER_OBJECT_CONVERSION = YES_AGGRESSIVE;
				CLANG_CXX_LANGUAGE_STANDARD = "gnu++17";
				CLANG_ENABLE_MODULES = YES;
				CLANG_ENABLE_OBJC_ARC = YES;
				CLANG_ENABLE_OBJC_WEAK = YES;
				CLANG_WARN_BLOCK_CAPTURE_AUTORELEASING = YES;
				CLANG_WARN_BOOL_CONVERSION = YES;
				CLANG_WARN_COMMA = YES;
				CLANG_WARN_CONSTANT_CONVERSION = YES;
				CLANG_WARN_DEPRECATED_OBJC_IMPLEMENTATIONS = YES;
				CLANG_WARN_DIRECT_OBJC_ISA_USAGE = YES_ERROR;
				CLANG_WARN_DOCUMENTATION_COMMENTS = YES;
				CLANG_WARN_EMPTY_BODY = YES;
				CLANG_WARN_ENUM_CONVERSION = YES;
				CLANG_WARN_INFINITE_RECURSION = YES;
				CLANG_WARN_INT_CONVERSION = YES;
				CLANG_WARN_NON_LITERAL_NULL_CONVERSION = YES;
				CLANG_WARN_OBJC_IMPLICIT_RETAIN_SELF = YES;
				CLANG_WARN_OBJC_LITERAL_CONVERSION = YES;
				CLANG_WARN_OBJC_ROOT_CLASS = YES_ERROR;
				CLANG_WARN_QUOTED_INCLUDE_IN_FRAMEWORK_HEADER = YES;
				CLANG_WARN_RANGE_LOOP_ANALYSIS = YES;
				CLANG_WARN_STRICT_PROTOTYPES = YES;
				CLANG_WARN_SUSPICIOUS_MOVE = YES;
				CLANG_WARN_UNGUARDED_AVAILABILITY = YES_AGGRESSIVE;
				CLANG_WARN_UNREACHABLE_CODE = YES;
				CLANG_WARN__DUPLICATE_METHOD_MATCH = YES;
				COPY_PHASE_STRIP = NO;
				DEBUG_INFORMATION_FORMAT = "dwarf-with-dsym";
				ENABLE_NS_ASSERTIONS = NO;
				ENABLE_STRICT_OBJC_MSGSEND = YES;
				GCC_C_LANGUAGE_STANDARD = gnu11;
				GCC_NO_COMMON_BLOCKS = YES;
				GCC_WARN_64_TO_32_BIT_CONVERSION = YES;
				GCC_WARN_ABOUT_RETURN_TYPE = YES_ERROR;
				GCC_WARN_UNDECLARED_SELECTOR = YES;
				GCC_WARN_UNINITIALIZED_AUTOS = YES_AGGRESSIVE;
				GCC_WARN_UNUSED_FUNCTION = YES;
				GCC_WARN_UNUSED_VARIABLE = YES;
				IPHONEOS_DEPLOYMENT_TARGET = 15.5;
				MTL_ENABLE_DEBUG_INFO = NO;
				MTL_FAST_MATH = YES;
				SDKROOT = iphoneos;
				SWIFT_COMPILATION_MODE = wholemodule;
				SWIFT_OPTIMIZATION_LEVEL = "-O";
				VALIDATE_PRODUCT = YES;
			};
			name = Release;
		};
		A433D211293C80FB0097BFEE /* Debug */ = {
			isa = XCBuildConfiguration;
			buildSettings = {
				ASSETCATALOG_COMPILER_APPICON_NAME = AppIcon;
				ASSETCATALOG_COMPILER_GLOBAL_ACCENT_COLOR_NAME = AccentColor;
				CODE_SIGN_STYLE = Automatic;
				CURRENT_PROJECT_VERSION = 1;
				GENERATE_INFOPLIST_FILE = YES;
				INFOPLIST_FILE = Navigation/Info.plist;
				INFOPLIST_KEY_UIApplicationSupportsIndirectInputEvents = YES;
				INFOPLIST_KEY_UILaunchStoryboardName = LaunchScreen;
				INFOPLIST_KEY_UISupportedInterfaceOrientations_iPad = "UIInterfaceOrientationPortrait UIInterfaceOrientationPortraitUpsideDown UIInterfaceOrientationLandscapeLeft UIInterfaceOrientationLandscapeRight";
				INFOPLIST_KEY_UISupportedInterfaceOrientations_iPhone = "UIInterfaceOrientationPortrait UIInterfaceOrientationLandscapeLeft UIInterfaceOrientationLandscapeRight";
				LD_RUNPATH_SEARCH_PATHS = (
					"$(inherited)",
					"@executable_path/Frameworks",
				);
				MARKETING_VERSION = 1.0;
				PRODUCT_BUNDLE_IDENTIFIER = is.leason.Navigation;
				PRODUCT_NAME = "$(TARGET_NAME)";
				SWIFT_EMIT_LOC_STRINGS = YES;
				SWIFT_VERSION = 5.0;
				TARGETED_DEVICE_FAMILY = "1,2";
			};
			name = Debug;
		};
		A433D212293C80FB0097BFEE /* Release */ = {
			isa = XCBuildConfiguration;
			buildSettings = {
				ASSETCATALOG_COMPILER_APPICON_NAME = AppIcon;
				ASSETCATALOG_COMPILER_GLOBAL_ACCENT_COLOR_NAME = AccentColor;
				CODE_SIGN_STYLE = Automatic;
				CURRENT_PROJECT_VERSION = 1;
				GENERATE_INFOPLIST_FILE = YES;
				INFOPLIST_FILE = Navigation/Info.plist;
				INFOPLIST_KEY_UIApplicationSupportsIndirectInputEvents = YES;
				INFOPLIST_KEY_UILaunchStoryboardName = LaunchScreen;
				INFOPLIST_KEY_UISupportedInterfaceOrientations_iPad = "UIInterfaceOrientationPortrait UIInterfaceOrientationPortraitUpsideDown UIInterfaceOrientationLandscapeLeft UIInterfaceOrientationLandscapeRight";
				INFOPLIST_KEY_UISupportedInterfaceOrientations_iPhone = "UIInterfaceOrientationPortrait UIInterfaceOrientationLandscapeLeft UIInterfaceOrientationLandscapeRight";
				LD_RUNPATH_SEARCH_PATHS = (
					"$(inherited)",
					"@executable_path/Frameworks",
				);
				MARKETING_VERSION = 1.0;
				PRODUCT_BUNDLE_IDENTIFIER = is.leason.Navigation;
				PRODUCT_NAME = "$(TARGET_NAME)";
				SWIFT_EMIT_LOC_STRINGS = YES;
				SWIFT_VERSION = 5.0;
				TARGETED_DEVICE_FAMILY = "1,2";
			};
			name = Release;
		};
/* End XCBuildConfiguration section */

/* Begin XCConfigurationList section */
		A433D1F7293C80F90097BFEE /* Build configuration list for PBXProject "Navigation" */ = {
			isa = XCConfigurationList;
			buildConfigurations = (
				A433D20E293C80FB0097BFEE /* Debug */,
				A433D20F293C80FB0097BFEE /* Release */,
			);
			defaultConfigurationIsVisible = 0;
			defaultConfigurationName = Release;
		};
		A433D210293C80FB0097BFEE /* Build configuration list for PBXNativeTarget "Navigation" */ = {
			isa = XCConfigurationList;
			buildConfigurations = (
				A433D211293C80FB0097BFEE /* Debug */,
				A433D212293C80FB0097BFEE /* Release */,
			);
			defaultConfigurationIsVisible = 0;
			defaultConfigurationName = Release;
		};
/* End XCConfigurationList section */
	};
	rootObject = A433D1F4293C80F90097BFEE /* Project object */;
}
